
Microsoft Visual Studio Solution File, Format Version 12.00
# Visual Studio Version 16
VisualStudioVersion = 16.0.29911.84
MinimumVisualStudioVersion = 10.0.40219.1
Project("{FAE04EC0-301F-11D3-BF4B-00C04F79EFBC}") = "ConsoleApp1", "ConsoleApp1\ConsoleApp1.csproj", "{AEE3E746-A96E-4A75-B4B3-8DD8743F5138}"
EndProject
Global
	GlobalSection(SolutionConfigurationPlatforms) = preSolution
		Debug|Any CPU = Debug|Any CPU
		Release|Any CPU = Release|Any CPU
	EndGlobalSection
	GlobalSection(ProjectConfigurationPlatforms) = postSolution
		{AEE3E746-A96E-4A75-B4B3-8DD8743F5138}.Debug|Any CPU.ActiveCfg = Debug|Any CPU
		{AEE3E746-A96E-4A75-B4B3-8DD8743F5138}.Debug|Any CPU.Build.0 = Debug|Any CPU
		{AEE3E746-A96E-4A75-B4B3-8DD8743F5138}.Release|Any CPU.ActiveCfg = Release|Any CPU
		{AEE3E746-A96E-4A75-B4B3-8DD8743F5138}.Release|Any CPU.Build.0 = Release|Any CPU
	EndGlobalSection
	GlobalSection(SolutionProperties) = preSolution
		HideSolutionNode = FALSE
	EndGlobalSection
	GlobalSection(ExtensibilityGlobals) = postSolution
		SolutionGuid = {7A4E45FE-52E1-413B-8F41-3BFC2F80117D}
	EndGlobalSection
EndGlobal
